GIT
  remote: https://github.com/cenit-io/cenit-config.git
  revision: 431cb31e44e9d027d771df7a93884929bdc458b6
  specs:
    cenit-config (0.0.1)

GIT
  remote: https://github.com/cenit-io/cenit-home.git
  revision: 1c26745cb0ee3e775795936b1e7d37e0ed1a7c6c
  specs:
    cenit-home (0.0.1.alpha)
      bootstrap-sass

GIT
  remote: https://github.com/cenit-io/cenit-multi_tenancy.git
  revision: 93300d9a2f8b6528ce08e2484604d6be37db1209
  specs:
    cenit-multi_tenancy (0.0.1)
      cenit-config
      glebtv_mongoid_userstamp (~> 0.6.0)
      mongoid (>= 5.0.1)

GIT
  remote: https://github.com/cenit-io/cenit-service.git
  revision: 5653c22fa9828a53414128533e6b53018c77c8fb
  specs:
    cenit-service (0.0.1)
      cenit-config
      cenit-multi_tenancy
      cenit-token
      cross_origin
      mongoid
      rails (>= 4.2.5)

GIT
  remote: https://github.com/cenit-io/cenit-token.git
  revision: 0491f60c95f438b3fbedf343ba22aca8a4f22a08
  specs:
    cenit-token (0.0.1)
      mongoid (>= 5.0.1)
      rails (>= 4.2.5)

GIT
  remote: https://github.com/macarci/capataz.git
  revision: b7464ea4c3448980daebb19a1ee0ca88da59743f
  specs:
    capataz (0.0.1)
      parser

GIT
  remote: https://github.com/macarci/cross_origin.git
  revision: 0b0719488905177578ca3665fa36528543836688
  specs:
    cross_origin (0.0.3)
      mongoid (>= 5.0.1)

GIT
  remote: https://github.com/macarci/mongoid-tracer.git
  revision: eca89bbc00ff5d1155bf7a790a01fc7cafd9de94
  specs:
    mongoid-tracer (0.0.1)
      mongoid (>= 5.0.1)

GIT
  remote: https://github.com/mobmewireless/origami-pdf.git
  revision: bf9ceea933fb88b5c8e0d3185b6eb875dd9187cf
  specs:
    origami (1.2.6)

GIT
  remote: https://github.com/openjaf/cenit_cmd.git
  revision: b9f3ac98c6e082b2c1b25d74c7ecb55d00ee1511
  specs:
    cenit_cmd (0.0.6)
      thor (~> 0.14)

GIT
  remote: https://github.com/openjaf/rails_admin_dynamic_charts.git
  revision: d5736079166ef3d3c2c057169a4eaaed6845accf
  specs:
    rails_admin_dynamic_charts (0.0.1)
      chartkick (> 0)
      rails (>= 3.2)
      rails_admin (> 0)

GEM
  remote: https://rubygems.org/
  specs:
    actionmailer (4.2.7.1)
      actionpack (= 4.2.7.1)
      actionview (= 4.2.7.1)
      activejob (= 4.2.7.1)
      mail (~> 2.5, >= 2.5.4)
      rails-dom-testing (~> 1.0, >= 1.0.5)
    actionpack (4.2.7.1)
      actionview (= 4.2.7.1)
      activesupport (= 4.2.7.1)
      rack (~> 1.6)
      rack-test (~> 0.6.2)
      rails-dom-testing (~> 1.0, >= 1.0.5)
      rails-html-sanitizer (~> 1.0, >= 1.0.2)
    actionview (4.2.7.1)
      activesupport (= 4.2.7.1)
      builder (~> 3.1)
      erubis (~> 2.7.0)
      rails-dom-testing (~> 1.0, >= 1.0.5)
      rails-html-sanitizer (~> 1.0, >= 1.0.2)
    activejob (4.2.7.1)
      activesupport (= 4.2.7.1)
      globalid (>= 0.3.0)
    activemodel (4.2.7.1)
      activesupport (= 4.2.7.1)
      builder (~> 3.1)
    activerecord (4.2.7.1)
      activemodel (= 4.2.7.1)
      activesupport (= 4.2.7.1)
      arel (~> 6.0)
    activesupport (4.2.7.1)
      i18n (~> 0.7)
      json (~> 1.7, >= 1.7.7)
      minitest (~> 5.1)
      thread_safe (~> 0.3, >= 0.3.4)
      tzinfo (~> 1.1)
    addressable (2.3.8)
    amq-protocol (2.0.0)
    arel (6.0.4)
    ast (2.3.0)
    autoprefixer-rails (8.5.0)
      execjs
    aws-sdk (2.10.13)
      aws-sdk-resources (= 2.10.13)
    aws-sdk-core (2.10.13)
      aws-sigv4 (~> 1.0)
      jmespath (~> 1.0)
    aws-sdk-resources (2.10.13)
      aws-sdk-core (= 2.10.13)
    aws-sigv4 (1.0.1)
    bcrypt (3.1.10)
    bootstrap-sass (3.3.7)
      autoprefixer-rails (>= 5.2.1)
      sass (>= 3.3.4)
    bootstrap-wysihtml5-rails (0.3.3.7)
      railties (>= 3.0)
    bson (3.2.6)
    bson_ext (1.5.1)
    builder (3.2.3)
    bunny (2.2.1)
      amq-protocol (>= 2.0.0)
    cancan (1.6.10)
    capistrano (3.4.0)
      i18n
      rake (>= 10.0.0)
      sshkit (~> 1.3)
    capistrano-bundler (1.1.4)
      capistrano (~> 3.1)
      sshkit (~> 1.2)
    capistrano-rails (1.1.5)
      capistrano (~> 3.1)
      capistrano-bundler (~> 1.1)
    capistrano-rails-console (1.0.0)
      capistrano (>= 3.1.0, < 4.0.0)
    capistrano-rvm (0.1.2)
      capistrano (~> 3.0)
      sshkit (~> 1.2)
    capistrano-unicorn-nginx (3.4.0)
      capistrano (>= 3.1)
      sshkit (>= 1.2.0)
    captcha (1.2.2)
      rmagick (>= 2.9.2)
    capybara (2.5.0)
      mime-types (>= 1.16)
      nokogiri (>= 1.3.3)
      rack (>= 1.0.0)
      rack-test (>= 0.5.4)
      xpath (~> 2.0)
    carrierwave (0.10.0)
      activemodel (>= 3.2.0)
      activesupport (>= 3.2.0)
      json (>= 1.7)
      mime-types (>= 1.16)
    carrierwave-mongoid (0.8.1)
      carrierwave (>= 0.8.0, < 0.11.0)
      mongoid (>= 3.0, < 6.0)
      mongoid-grid_fs (>= 1.3, < 3.0)
    chartkick (2.2.3)
    childprocess (0.5.7)
      ffi (~> 1.0, >= 1.0.11)
    chunky_png (1.3.6)
    cliver (0.3.2)
    codemirror-rails (5.6)
      railties (>= 3.0, < 5)
    coffee-rails (4.1.1)
      coffee-script (>= 2.2.0)
      railties (>= 4.0.0, < 5.1.x)
    coffee-script (2.4.1)
      coffee-script-source
      execjs
    coffee-script-source (1.12.2)
    colorize (0.7.7)
    combine_pdf (1.0.4)
      ruby-rc4 (>= 0.1.5)
    commonjs (0.2.7)
    concurrent-ruby (1.0.5)
    coveralls (0.8.9)
      json (~> 1.8)
      rest-client (>= 1.6.8, < 2)
      simplecov (~> 0.10.0)
      term-ansicolor (~> 1.3)
      thor (~> 0.19.1)
      tins (~> 1.6.0)
    crass (1.0.4)
    daemons (1.2.3)
    database_cleaner (1.5.1)
    deface (1.0.2)
      colorize (>= 0.5.8)
      nokogiri (~> 1.6.0)
      polyglot
      rails (>= 3.1)
    descendants_tracker (0.0.4)
      thread_safe (~> 0.3, >= 0.3.1)
    descriptive_statistics (2.5.1)
    devise (3.5.2)
      bcrypt (~> 3.0)
      orm_adapter (~> 0.1)
      railties (>= 3.2.6, < 5)
      responders
      thread_safe (~> 0.1)
      warden (~> 1.2.3)
    diff-lcs (1.2.5)
    diffy (3.2.0)
    dig_rb (1.0.1)
    docile (1.1.5)
    domain_name (0.5.25)
      unf (>= 0.0.5, < 1.0.0)
    erubis (2.7.0)
    eventmachine (1.0.8)
    exception_notification (4.1.4)
      actionmailer (~> 4.0)
      activesupport (~> 4.0)
    excon (0.59.0)
    execjs (2.7.0)
    factory_girl (4.5.0)
      activesupport (>= 3.0.0)
    factory_girl_rails (4.5.0)
      factory_girl (~> 4.5.0)
      railties (>= 3.0.0)
    faraday (0.9.2)
      multipart-post (>= 1.2, < 3)
    ffaker (2.1.0)
    ffi (1.9.23)
    figaro (1.1.1)
      thor (~> 0.14)
    font-awesome-rails (4.6.2.0)
      railties (>= 3.2, < 5.1)
    git (1.2.9.1)
    github_api (0.12.4)
      addressable (~> 2.3)
      descendants_tracker (~> 0.0.4)
      faraday (~> 0.8, < 0.10)
      hashie (>= 3.4)
      multi_json (>= 1.7.5, < 2.0)
      nokogiri (~> 1.6.6)
      oauth2
    glebtv_mongoid_userstamp (0.6.2)
      mongoid (>= 4.0.0, < 6.1)
      request_store
    globalid (0.4.1)
      activesupport (>= 4.2.0)
    haml (4.0.7)
      tilt
    haml-rails (0.9.0)
      actionpack (>= 4.0.1)
      activesupport (>= 4.0.1)
      haml (>= 4.0.6, < 5.0)
      html2haml (>= 1.0.1)
      railties (>= 4.0.1)
    handlebars (0.5.0)
      commonjs (~> 0.2.3)
      handlebars-source (~> 1.0.12)
      therubyracer (~> 0.12.0)
    handlebars-source (1.0.12)
    hashie (3.4.3)
    highline (1.7.8)
    html2haml (2.0.0)
      erubis (~> 2.7.0)
      haml (~> 4.0.0)
      nokogiri (~> 1.6.0)
      ruby_parser (~> 3.5)
    httmultiparty (0.3.16)
      httparty (>= 0.7.3)
      mimemagic
      multipart-post
    http-cookie (1.0.2)
      domain_name (~> 0.5)
    httparty (0.13.7)
      json (~> 1.8)
      multi_xml (>= 0.5.2)
    i18n (0.9.1)
      concurrent-ruby (~> 1.0)
    identicon (0.0.5)
      chunky_png
    imgkit (1.6.1)
    jbuilder (2.3.2)
      activesupport (>= 3.0.0, < 5)
      multi_json (~> 1.2)
    jeff (2.0.0)
      excon (>= 0.22.1)
    jeweler (2.0.1)
      builder
      bundler (>= 1.0)
      git (>= 1.2.5)
      github_api
      highline (>= 1.6.15)
      nokogiri (>= 1.5.10)
      rake
      rdoc
    jmespath (1.3.1)
    jquery-rails (4.0.5)
      rails-dom-testing (~> 1.0)
      railties (>= 4.2.0)
      thor (>= 0.14, < 2.0)
    jquery-ui-rails (5.0.5)
      railties (>= 3.2.16)
    json (1.8.6)
    json-schema (2.5.1)
      addressable (~> 2.3.7)
    jwt (1.5.2)
    kaminari (0.16.3)
      actionpack (>= 3.0.0)
      activesupport (>= 3.0.0)
    kgio (2.10.0)
    language_sniffer (1.0.2)
    libv8 (3.16.14.13)
    liquid (4.0.0)
    lodash-rails (4.6.1)
      railties (>= 3.1)
    loofah (2.2.2)
      crass (~> 1.0.2)
      nokogiri (>= 1.5.9)
    mail (2.7.0)
      mini_mime (>= 0.1.1)
    mime (0.4.3)
    mime-types (2.99.3)
    mimemagic (0.3.0)
    mini_magick (4.3.6)
    mini_mime (1.0.0)
    mini_portile2 (2.1.0)
    minitest (5.10.3)
    mongo (2.1.2)
      bson (~> 3.0)
    mongoid (5.0.1)
      activemodel (~> 4.0)
      mongo (~> 2.1)
      origin (~> 2.1)
      tzinfo (>= 0.3.37)
    mongoid-grid_fs (2.2.1)
      mime-types (>= 1.0, < 3.0)
      mongoid (>= 3.0, < 6.0)
    mongoid-rspec (3.0.0)
      mongoid (~> 5.0)
      rake
      rspec (~> 3.3)
    multi_json (1.11.2)
    multi_xml (0.5.5)
    multipart-post (2.0.0)
    nested_form (0.3.2)
    net-scp (1.2.1)
      net-ssh (>= 2.6.5)
    net-sftp (2.1.2)
      net-ssh (>= 2.6.5)
    net-ssh (3.0.1)
    netrc (0.11.0)
    nokogiri (1.6.8.1)
      mini_portile2 (~> 2.1.0)
    oauth (0.4.7)
    oauth2 (1.0.0)
      faraday (>= 0.8, < 0.10)
      jwt (~> 1.0)
      multi_json (~> 1.3)
      multi_xml (~> 0.5)
      rack (~> 1.2)
    octokit (4.1.1)
      sawyer (~> 0.6.0, >= 0.5.3)
    origin (2.1.1)
    orm_adapter (0.5.0)
    parser (2.3.1.4)
      ast (~> 2.2)
    pdf-core (0.6.0)
    pdf-forms (1.1.1)
      cliver (~> 0.3.2)
      safe_shell (>= 1.0.3, < 2.0)
    pdfkit (0.8.2)
    peddler (1.6.5)
      dig_rb (~> 1.0)
      excon (>= 0.50.0)
      jeff (>= 1.5.2, < 3.0)
      multi_xml (>= 0.5.0)
    poltergeist (1.7.0)
      capybara (~> 2.1)
      cliver (~> 0.3.1)
      multi_json (~> 1.0)
      websocket-driver (>= 0.2.0)
    polyglot (0.3.5)
    prawn (2.0.2)
      pdf-core (~> 0.6.0)
      ttfunk (~> 1.4.0)
    prawn-qrcode (0.2.2.1)
      prawn (>= 0.11.1)
      rqrcode (>= 0.4.1)
    prawn-rails (0.1.1)
      prawn
      prawn-table
      rails (>= 3.1.0)
    prawn-table (0.2.2)
      prawn (>= 1.3.0, < 3.0.0)
    rabl (0.11.6)
      activesupport (>= 2.3.14)
    rack (1.6.8)
    rack-pjax (0.8.0)
      nokogiri (~> 1.5)
      rack (~> 1.1)
    rack-test (0.6.3)
      rack (>= 1.0)
    rails (4.2.7.1)
      actionmailer (= 4.2.7.1)
      actionpack (= 4.2.7.1)
      actionview (= 4.2.7.1)
      activejob (= 4.2.7.1)
      activemodel (= 4.2.7.1)
      activerecord (= 4.2.7.1)
      activesupport (= 4.2.7.1)
      bundler (>= 1.3.0, < 2.0)
      railties (= 4.2.7.1)
      sprockets-rails
    rails-deprecated_sanitizer (1.0.3)
      activesupport (>= 4.2.0.alpha)
    rails-dom-testing (1.0.8)
      activesupport (>= 4.2.0.beta, < 5.0)
      nokogiri (~> 1.6)
      rails-deprecated_sanitizer (>= 1.0.1)
    rails-html-sanitizer (1.0.3)
      loofah (~> 2.0)
    rails_12factor (0.0.3)
      rails_serve_static_assets
      rails_stdout_logging
    rails_admin (1.0.0)
      builder (~> 3.1)
      coffee-rails (~> 4.0)
      font-awesome-rails (>= 3.0, < 5)
      haml (~> 4.0)
      jquery-rails (>= 3.0, < 5)
      jquery-ui-rails (~> 5.0)
      kaminari (~> 0.14)
      nested_form (~> 0.3)
      rack-pjax (>= 0.7)
      rails (>= 4.0, < 6)
      remotipart (~> 1.3)
      sass-rails (>= 4.0, < 6)
    rails_layout (1.0.28)
    rails_serve_static_assets (0.0.4)
    rails_stdout_logging (0.0.4)
    railties (4.2.7.1)
      actionpack (= 4.2.7.1)
      activesupport (= 4.2.7.1)
      rake (>= 0.8.7)
      thor (>= 0.18.1, < 2.0)
    raindrops (0.15.0)
    rake (12.3.0)
    rb-fsevent (0.10.3)
    rb-inotify (0.9.10)
      ffi (>= 0.5.0, < 2)
    rdoc (4.2.0)
    recaptcha (4.3.1)
      json
    ref (2.0.0)
    remotipart (1.3.1)
    request_store (1.4.1)
      rack (>= 1.4)
    responders (2.1.0)
      railties (>= 4.2.0, < 5)
    rest-client (1.8.0)
      http-cookie (>= 1.0.2, < 2.0)
      mime-types (>= 1.16, < 3.0)
      netrc (~> 0.7)
    rkelly-remix (0.0.7)
    rmagick (2.15.4)
    rolify (4.1.1)
    rqrcode (0.10.1)
      chunky_png (~> 1.0)
    rspec (3.4.0)
      rspec-core (~> 3.4.0)
      rspec-expectations (~> 3.4.0)
      rspec-mocks (~> 3.4.0)
    rspec-core (3.4.0)
      rspec-support (~> 3.4.0)
    rspec-expectations (3.4.0)
      diff-lcs (>= 1.2.0, < 2.0)
      rspec-support (~> 3.4.0)
    rspec-mocks (3.4.0)
      diff-lcs (>= 1.2.0, < 2.0)
      rspec-support (~> 3.4.0)
    rspec-rails (3.4.0)
      actionpack (>= 3.0, < 4.3)
      activesupport (>= 3.0, < 4.3)
      railties (>= 3.0, < 4.3)
      rspec-core (~> 3.4.0)
      rspec-expectations (~> 3.4.0)
      rspec-mocks (~> 3.4.0)
      rspec-support (~> 3.4.0)
    rspec-support (3.4.0)
    ruby-ole (1.2.12)
    ruby-rc4 (0.1.5)
    ruby_parser (3.7.2)
      sexp_processor (~> 4.1)
    rubyzip (1.2.1)
    rufus-scheduler (3.1.9)
    safe_shell (1.1.0)
    sass (3.5.6)
      sass-listen (~> 4.0.0)
    sass-listen (4.0.0)
      rb-fsevent (~> 0.9, >= 0.9.4)
      rb-inotify (~> 0.9, >= 0.9.7)
    sass-rails (5.0.4)
      railties (>= 4.0.0, < 5.0)
      sass (~> 3.1)
      sprockets (>= 2.8, < 4.0)
      sprockets-rails (>= 2.0, < 4.0)
      tilt (>= 1.1, < 3)
    sawyer (0.6.0)
      addressable (~> 2.3.5)
      faraday (~> 0.8, < 0.10)
    sdoc (0.4.1)
      json (~> 1.7, >= 1.7.7)
      rdoc (~> 4.0)
    selenium-webdriver (2.48.1)
      childprocess (~> 0.5)
      multi_json (~> 1.0)
      rubyzip (~> 1.0)
      websocket (~> 1.0)
    sexp_processor (4.6.0)
    simplecov (0.10.0)
      docile (~> 1.1.0)
      json (~> 1.8)
      simplecov-html (~> 0.10.0)
    simplecov-html (0.10.0)
    spreadsheet (1.1.1)
      ruby-ole (>= 1.0)
    sprockets (3.7.1)
      concurrent-ruby (~> 1.0)
      rack (> 1, < 3)
    sprockets-rails (3.2.1)
      actionpack (>= 4.0)
      activesupport (>= 4.0)
      sprockets (>= 3.0.0)
    sshkit (1.7.1)
      colorize (>= 0.7.0)
      net-scp (>= 1.1.2)
      net-ssh (>= 2.8.0)
    term-ansicolor (1.3.2)
      tins (~> 1.0)
    therubyracer (0.12.2)
      libv8 (~> 3.16.14.0)
      ref
    thin (1.6.4)
      daemons (~> 1.0, >= 1.0.9)
      eventmachine (~> 1.0, >= 1.0.4)
      rack (~> 1.0)
    thor (0.19.4)
    thread_safe (0.3.6)
    tilt (2.0.6)
    tins (1.6.0)
    ttfunk (1.4.0)
    tzinfo (1.2.4)
      thread_safe (~> 0.1)
    uglifier (2.7.2)
      execjs (>= 0.3.0)
      json (>= 1.8.0)
    unf (0.1.4)
      unf_ext
    unf_ext (0.0.7.1)
    unicorn (4.9.0)
      kgio (~> 2.6)
      rack
      raindrops (~> 0.7)
    wannabe_bool (0.3.0)
    warden (1.2.3)
      rack (>= 1.0)
    websocket (1.2.2)
    websocket-driver (0.6.3)
      websocket-extensions (>= 0.1.0)
    websocket-extensions (0.1.2)
    wicked_pdf (1.1.0)
    wkhtmltopdf-binary (0.12.3.1)
    write_xlsx (0.83.0)
      rubyzip (>= 1.0.0)
      zip-zip
    xmldsig (0.4.0)
      nokogiri
    xpath (2.0.0)
      nokogiri (~> 1.3)
    zip-zip (0.3)
      rubyzip (>= 1.0.0)

PLATFORMS
  ruby

DEPENDENCIES
  aws-sdk (~> 2.10.13)
  bootstrap-sass
  bootstrap-wysihtml5-rails (> 0.3.1.24)
  bson_ext
  builder
  bunny
  cancan
  capataz!
  capistrano
  capistrano-bundler
  capistrano-rails
  capistrano-rails-console
  capistrano-rvm
  capistrano-unicorn-nginx
  captcha
  capybara
  carrierwave-mongoid
  cenit-config!
  cenit-home!
  cenit-multi_tenancy!
  cenit-service!
  cenit-token!
  cenit_cmd!
  chartkick
  codemirror-rails
  coffee-rails
  combine_pdf (= 1.0.4)
  coveralls
  cross_origin!
  database_cleaner
  deface
  descriptive_statistics
  devise
  diffy
  exception_notification
  factory_girl_rails
  ffaker
  figaro
  github_api
  haml-rails
  handlebars
  httmultiparty
  httparty
  identicon
  imgkit (= 1.6.1)
  jbuilder
  jeweler
  jquery-rails
  json-schema
  language_sniffer
  liquid
  lodash-rails
  mime
  mini_magick
  mongoid
  mongoid-rspec
  mongoid-tracer!
  net-scp
  net-sftp
  nokogiri
  oauth
  oauth2 (= 1.0.0)
  octokit
  origami!
  parser
  pdf-forms (~> 1.1, >= 1.1.1)
  pdfkit (= 0.8.2)
  peddler
  poltergeist
  prawn-qrcode (= 0.2.2.1)
  prawn-rails (= 0.1.1)
  rabl
  rails
  rails_12factor
  rails_admin (~> 1.0.0)
  rails_admin_dynamic_charts!
  rails_layout
  recaptcha
  rkelly-remix
  rmagick (= 2.15.4)
  rolify
  rspec-rails
  rubyzip
  rufus-scheduler
  sass-rails
  sdoc
  selenium-webdriver
  simplecov
  spreadsheet
  therubyracer
  thin
  uglifier
  unicorn (= 4.9.0)
  wannabe_bool
  wicked_pdf
  wkhtmltopdf-binary
  write_xlsx
  xmldsig

RUBY VERSION
   ruby 2.2.1p85

BUNDLED WITH
   1.16.0
